
Microsoft Visual Studio Solution File, Format Version 12.00
# Visual Studio Version 17
VisualStudioVersion = 17.2.32526.322
MinimumVisualStudioVersion = 10.0.40219.1
Project("{FAE04EC0-301F-11D3-BF4B-00C04F79EFBC}") = "EmployeeWeb.Api", "EmployeeWeb.Api\EmployeeWeb.Api.csproj", "{1DD2EC65-93D0-43B1-B608-AE4362D63454}"
EndProject
Global
	GlobalSection(SolutionConfigurationPlatforms) = preSolution
		Debug|Any CPU = Debug|Any CPU
		Release|Any CPU = Release|Any CPU
	EndGlobalSection
	GlobalSection(ProjectConfigurationPlatforms) = postSolution
		{1DD2EC65-93D0-43B1-B608-AE4362D63454}.Debug|Any CPU.ActiveCfg = Debug|Any CPU
		{1DD2EC65-93D0-43B1-B608-AE4362D63454}.Debug|Any CPU.Build.0 = Debug|Any CPU
		{1DD2EC65-93D0-43B1-B608-AE4362D63454}.Release|Any CPU.ActiveCfg = Release|Any CPU
		{1DD2EC65-93D0-43B1-B608-AE4362D63454}.Release|Any CPU.Build.0 = Release|Any CPU
	EndGlobalSection
	GlobalSection(SolutionProperties) = preSolution
		HideSolutionNode = FALSE
	EndGlobalSection
	GlobalSection(ExtensibilityGlobals) = postSolution
		SolutionGuid = {62348CDD-C88C-4D98-A756-AC5382F0C74E}
	EndGlobalSection
EndGlobal
